
Microsoft Visual Studio Solution File, Format Version 12.00
# Visual Studio Version 17
VisualStudioVersion = 17.0.32112.339
MinimumVisualStudioVersion = 10.0.40219.1
Project("{FAE04EC0-301F-11D3-BF4B-00C04F79EFBC}") = "01-ByteBank", "01-ByteBank\01-ByteBank.csproj", "{E8EAE274-38F4-4352-A5D7-01E002E43B7D}"
EndProject
Project("{FAE04EC0-301F-11D3-BF4B-00C04F79EFBC}") = "02-ByteBank", "02-ByteBank\02-ByteBank.csproj", "{81164392-3A69-4432-8CD2-40460FB1B350}"
EndProject
Project("{FAE04EC0-301F-11D3-BF4B-00C04F79EFBC}") = "03-ByteBank", "03-ByteBank\03-ByteBank.csproj", "{EAE58C08-CCFF-4B23-8C19-AF11141F15DF}"
EndProject
Project("{FAE04EC0-301F-11D3-BF4B-00C04F79EFBC}") = "04-ByteBank", "04-ByteBank\04-ByteBank.csproj", "{86F11C8B-0C9F-4E8C-8D82-80ABC7449C1A}"
EndProject
Project("{FAE04EC0-301F-11D3-BF4B-00C04F79EFBC}") = "05-ByteBank", "05-ByteBank\05-ByteBank.csproj", "{A198BC1C-BE45-4EB6-913E-7DA5114D1C17}"
EndProject
Project("{FAE04EC0-301F-11D3-BF4B-00C04F79EFBC}") = "06-ByteBank", "06-ByteBank\06-ByteBank.csproj", "{466E0B03-1E9E-4896-843A-BD37478643AE}"
EndProject
Global
	GlobalSection(SolutionConfigurationPlatforms) = preSolution
		Debug|Any CPU = Debug|Any CPU
		Debug|x64 = Debug|x64
		Release|Any CPU = Release|Any CPU
		Release|x64 = Release|x64
	EndGlobalSection
	GlobalSection(ProjectConfigurationPlatforms) = postSolution
		{E8EAE274-38F4-4352-A5D7-01E002E43B7D}.Debug|Any CPU.ActiveCfg = Debug|Any CPU
		{E8EAE274-38F4-4352-A5D7-01E002E43B7D}.Debug|Any CPU.Build.0 = Debug|Any CPU
		{E8EAE274-38F4-4352-A5D7-01E002E43B7D}.Debug|x64.ActiveCfg = Debug|Any CPU
		{E8EAE274-38F4-4352-A5D7-01E002E43B7D}.Debug|x64.Build.0 = Debug|Any CPU
		{E8EAE274-38F4-4352-A5D7-01E002E43B7D}.Release|Any CPU.ActiveCfg = Release|Any CPU
		{E8EAE274-38F4-4352-A5D7-01E002E43B7D}.Release|Any CPU.Build.0 = Release|Any CPU
		{E8EAE274-38F4-4352-A5D7-01E002E43B7D}.Release|x64.ActiveCfg = Release|Any CPU
		{E8EAE274-38F4-4352-A5D7-01E002E43B7D}.Release|x64.Build.0 = Release|Any CPU
		{81164392-3A69-4432-8CD2-40460FB1B350}.Debug|Any CPU.ActiveCfg = Debug|Any CPU
		{81164392-3A69-4432-8CD2-40460FB1B350}.Debug|Any CPU.Build.0 = Debug|Any CPU
		{81164392-3A69-4432-8CD2-40460FB1B350}.Debug|x64.ActiveCfg = Debug|Any CPU
		{81164392-3A69-4432-8CD2-40460FB1B350}.Debug|x64.Build.0 = Debug|Any CPU
		{81164392-3A69-4432-8CD2-40460FB1B350}.Release|Any CPU.ActiveCfg = Release|Any CPU
		{81164392-3A69-4432-8CD2-40460FB1B350}.Release|Any CPU.Build.0 = Release|Any CPU
		{81164392-3A69-4432-8CD2-40460FB1B350}.Release|x64.ActiveCfg = Release|Any CPU
		{81164392-3A69-4432-8CD2-40460FB1B350}.Release|x64.Build.0 = Release|Any CPU
		{EAE58C08-CCFF-4B23-8C19-AF11141F15DF}.Debug|Any CPU.ActiveCfg = Debug|Any CPU
		{EAE58C08-CCFF-4B23-8C19-AF11141F15DF}.Debug|Any CPU.Build.0 = Debug|Any CPU
		{EAE58C08-CCFF-4B23-8C19-AF11141F15DF}.Debug|x64.ActiveCfg = Release|Any CPU
		{EAE58C08-CCFF-4B23-8C19-AF11141F15DF}.Debug|x64.Build.0 = Release|Any CPU
		{EAE58C08-CCFF-4B23-8C19-AF11141F15DF}.Release|Any CPU.ActiveCfg = Release|Any CPU
		{EAE58C08-CCFF-4B23-8C19-AF11141F15DF}.Release|Any CPU.Build.0 = Release|Any CPU
		{EAE58C08-CCFF-4B23-8C19-AF11141F15DF}.Release|x64.ActiveCfg = Release|x64
		{EAE58C08-CCFF-4B23-8C19-AF11141F15DF}.Release|x64.Build.0 = Release|x64
		{86F11C8B-0C9F-4E8C-8D82-80ABC7449C1A}.Debug|Any CPU.ActiveCfg = Debug|Any CPU
		{86F11C8B-0C9F-4E8C-8D82-80ABC7449C1A}.Debug|Any CPU.Build.0 = Debug|Any CPU
		{86F11C8B-0C9F-4E8C-8D82-80ABC7449C1A}.Debug|x64.ActiveCfg = Debug|Any CPU
		{86F11C8B-0C9F-4E8C-8D82-80ABC7449C1A}.Debug|x64.Build.0 = Debug|Any CPU
		{86F11C8B-0C9F-4E8C-8D82-80ABC7449C1A}.Release|Any CPU.ActiveCfg = Release|Any CPU
		{86F11C8B-0C9F-4E8C-8D82-80ABC7449C1A}.Release|Any CPU.Build.0 = Release|Any CPU
		{86F11C8B-0C9F-4E8C-8D82-80ABC7449C1A}.Release|x64.ActiveCfg = Release|Any CPU
		{86F11C8B-0C9F-4E8C-8D82-80ABC7449C1A}.Release|x64.Build.0 = Release|Any CPU
		{A198BC1C-BE45-4EB6-913E-7DA5114D1C17}.Debug|Any CPU.ActiveCfg = Debug|Any CPU
		{A198BC1C-BE45-4EB6-913E-7DA5114D1C17}.Debug|Any CPU.Build.0 = Debug|Any CPU
		{A198BC1C-BE45-4EB6-913E-7DA5114D1C17}.Debug|x64.ActiveCfg = Debug|Any CPU
		{A198BC1C-BE45-4EB6-913E-7DA5114D1C17}.Debug|x64.Build.0 = Debug|Any CPU
		{A198BC1C-BE45-4EB6-913E-7DA5114D1C17}.Release|Any CPU.ActiveCfg = Release|Any CPU
		{A198BC1C-BE45-4EB6-913E-7DA5114D1C17}.Release|Any CPU.Build.0 = Release|Any CPU
		{A198BC1C-BE45-4EB6-913E-7DA5114D1C17}.Release|x64.ActiveCfg = Release|Any CPU
		{A198BC1C-BE45-4EB6-913E-7DA5114D1C17}.Release|x64.Build.0 = Release|Any CPU
		{466E0B03-1E9E-4896-843A-BD37478643AE}.Debug|Any CPU.ActiveCfg = Debug|Any CPU
		{466E0B03-1E9E-4896-843A-BD37478643AE}.Debug|Any CPU.Build.0 = Debug|Any CPU
		{466E0B03-1E9E-4896-843A-BD37478643AE}.Debug|x64.ActiveCfg = Debug|Any CPU
		{466E0B03-1E9E-4896-843A-BD37478643AE}.Debug|x64.Build.0 = Debug|Any CPU
		{466E0B03-1E9E-4896-843A-BD37478643AE}.Release|Any CPU.ActiveCfg = Release|Any CPU
		{466E0B03-1E9E-4896-843A-BD37478643AE}.Release|Any CPU.Build.0 = Release|Any CPU
		{466E0B03-1E9E-4896-843A-BD37478643AE}.Release|x64.ActiveCfg = Release|Any CPU
		{466E0B03-1E9E-4896-843A-BD37478643AE}.Release|x64.Build.0 = Release|Any CPU
	EndGlobalSection
	GlobalSection(SolutionProperties) = preSolution
		HideSolutionNode = FALSE
	EndGlobalSection
	GlobalSection(ExtensibilityGlobals) = postSolution
		SolutionGuid = {3A2EA409-6562-46EB-8C8D-CD7337233C9B}
	EndGlobalSection
EndGlobal
