
Microsoft Visual Studio Solution File, Format Version 12.00
# Visual Studio Version 17
VisualStudioVersion = 17.0.32112.339
MinimumVisualStudioVersion = 10.0.40219.1
Project("{FAE04EC0-301F-11D3-BF4B-00C04F79EFBC}") = "ByteBank", "ByteBank\ByteBank.csproj", "{702EAD1F-F67B-4712-B3B2-F2423605AA4A}"
EndProject
Global
	GlobalSection(SolutionConfigurationPlatforms) = preSolution
		Debug|Any CPU = Debug|Any CPU
		Release|Any CPU = Release|Any CPU
	EndGlobalSection
	GlobalSection(ProjectConfigurationPlatforms) = postSolution
		{702EAD1F-F67B-4712-B3B2-F2423605AA4A}.Debug|Any CPU.ActiveCfg = Debug|Any CPU
		{702EAD1F-F67B-4712-B3B2-F2423605AA4A}.Debug|Any CPU.Build.0 = Debug|Any CPU
		{702EAD1F-F67B-4712-B3B2-F2423605AA4A}.Release|Any CPU.ActiveCfg = Release|Any CPU
		{702EAD1F-F67B-4712-B3B2-F2423605AA4A}.Release|Any CPU.Build.0 = Release|Any CPU
	EndGlobalSection
	GlobalSection(SolutionProperties) = preSolution
		HideSolutionNode = FALSE
	EndGlobalSection
	GlobalSection(ExtensibilityGlobals) = postSolution
		SolutionGuid = {4C8FA878-2834-4528-B6BA-DF7396AE55FD}
	EndGlobalSection
EndGlobal
